
Microsoft Visual Studio Solution File, Format Version 12.00
# Visual Studio Version 16
VisualStudioVersion = 16.0.31702.278
MinimumVisualStudioVersion = 10.0.40219.1
Project("{FAE04EC0-301F-11D3-BF4B-00C04F79EFBC}") = "myteam-admin", "myteam-admin\myteam-admin.csproj", "{B154D531-BB41-4FC1-8E51-722F9D87E047}"
EndProject
Global
	GlobalSection(SolutionConfigurationPlatforms) = preSolution
		Debug|Any CPU = Debug|Any CPU
		Release|Any CPU = Release|Any CPU
	EndGlobalSection
	GlobalSection(ProjectConfigurationPlatforms) = postSolution
		{B154D531-BB41-4FC1-8E51-722F9D87E047}.Debug|Any CPU.ActiveCfg = Debug|Any CPU
		{B154D531-BB41-4FC1-8E51-722F9D87E047}.Debug|Any CPU.Build.0 = Debug|Any CPU
		{B154D531-BB41-4FC1-8E51-722F9D87E047}.Release|Any CPU.ActiveCfg = Release|Any CPU
		{B154D531-BB41-4FC1-8E51-722F9D87E047}.Release|Any CPU.Build.0 = Release|Any CPU
	EndGlobalSection
	GlobalSection(SolutionProperties) = preSolution
		HideSolutionNode = FALSE
	EndGlobalSection
	GlobalSection(ExtensibilityGlobals) = postSolution
		SolutionGuid = {3747B08D-B73B-4EEA-AB0D-36896969B1A6}
	EndGlobalSection
EndGlobal
